PODS:
  - CHCSVParser (2.1.0)
  - Crashlytics (3.10.9):
    - Fabric (~> 1.7.13)
  - DZNEmptyDataSet (1.8.1)
  - Eureka (4.3.0)
  - Fabric (1.7.13)
  - Firebase/Core (5.10.0):
    - Firebase/CoreOnly
    - FirebaseAnalytics (= 5.2.0)
  - Firebase/CoreOnly (5.10.0):
    - FirebaseCore (= 5.1.5)
  - FirebaseAnalytics (5.2.0):
    - FirebaseCore (~> 5.1)
    - FirebaseInstanceID (~> 3.2)
    - GoogleAppMeasurement (~> 5.2)
    - GoogleUtilities/AppDelegateSwizzler (~> 5.2)
    - GoogleUtilities/MethodSwizzler (~> 5.2)
    - GoogleUtilities/Network (~> 5.2)
    - "GoogleUtilities/NSData+zlib (~> 5.2)"
    - nanopb (~> 0.3)
  - FirebaseCore (5.1.5):
    - GoogleUtilities/Logger (~> 5.2)
  - FirebaseInstanceID (3.2.2):
    - FirebaseCore (~> 5.1)
    - GoogleUtilities/Environment (~> 5.3)
    - GoogleUtilities/UserDefaults (~> 5.3)
  - GoogleAppMeasurement (5.2.0):
    - GoogleUtilities/AppDelegateSwizzler (~> 5.2)
    - GoogleUtilities/MethodSwizzler (~> 5.2)
    - GoogleUtilities/Network (~> 5.2)
    - "GoogleUtilities/NSData+zlib (~> 5.2)"
    - nanopb (~> 0.3)
  - GoogleUtilities/AppDelegateSwizzler (5.3.2):
    - GoogleUtilities/Environment
    - GoogleUtilities/Logger
    - GoogleUtilities/Network
  - GoogleUtilities/Environment (5.3.2)
  - GoogleUtilities/Logger (5.3.2):
    - GoogleUtilities/Environment
  - GoogleUtilities/MethodSwizzler (5.3.2):
    - GoogleUtilities/Logger
  - GoogleUtilities/Network (5.3.2):
    - GoogleUtilities/Logger
    - "GoogleUtilities/NSData+zlib"
    - GoogleUtilities/Reachability
  - "GoogleUtilities/NSData+zlib (5.3.2)"
  - GoogleUtilities/Reachability (5.3.2):
    - GoogleUtilities/Logger
  - GoogleUtilities/UserDefaults (5.3.2):
    - GoogleUtilities/Logger
  - ImageRow (3.1.0):
    - Eureka (~> 4.0)
  - nanopb (0.3.8):
    - nanopb/decode (= 0.3.8)
    - nanopb/encode (= 0.3.8)
  - nanopb/decode (0.3.8)
  - nanopb/encode (0.3.8)
  - PromisesObjC (1.2.3)
  - PromisesSwift (1.2.3):
    - PromisesObjC (= 1.2.3)
  - SimulatorStatusMagic (2.3)
  - SVProgressHUD (2.2.5)
  - SwiftyJSON (4.2.0)
  - SwiftyStoreKit (0.13.3)

DEPENDENCIES:
  - CHCSVParser (from `https://github.com/davedelong/CHCSVParser.git`)
  - Crashlytics
  - DZNEmptyDataSet (~> 1.8)
  - Eureka (~> 4.3)
  - Fabric
  - Firebase/Core
  - ImageRow (~> 3.0)
  - PromisesSwift (~> 1.2)
  - SimulatorStatusMagic
  - SVProgressHUD (~> 2.2)
  - SwiftyJSON (~> 4.0)
  - SwiftyStoreKit (~> 0.13)

SPEC REPOS:
  https://github.com/cocoapods/specs.git:
    - Crashlytics
    - DZNEmptyDataSet
    - Eureka
    - Fabric
    - Firebase
    - FirebaseAnalytics
    - FirebaseCore
    - FirebaseInstanceID
    - GoogleAppMeasurement
    - GoogleUtilities
    - ImageRow
    - nanopb
    - PromisesObjC
    - PromisesSwift
    - SimulatorStatusMagic
    - SVProgressHUD
    - SwiftyJSON
    - SwiftyStoreKit

EXTERNAL SOURCES:
  CHCSVParser:
    :git: https://github.com/davedelong/CHCSVParser.git

CHECKOUT OPTIONS:
  CHCSVParser:
    :commit: a6c23dab9ca633a8ba791463c9e9d3e1ff991a98
    :git: https://github.com/davedelong/CHCSVParser.git

SPEC CHECKSUMS:
  CHCSVParser: 64da26e2b4ddbf7527f7f03120bf91d83d28f354
  Crashlytics: 55e24fc23989680285a21cb1146578d9d18e432c
  DZNEmptyDataSet: 9525833b9e68ac21c30253e1d3d7076cc828eaa7
  Eureka: 6d711cb30ca333b4bc893110285a722ae3840114
  Fabric: 25d0963b691fc97be566392243ff0ecef5a68338
  Firebase: 6691d47562a780c26281ce8464518faafc90c610
  FirebaseAnalytics: 831f1f127f4a75698e9875a87bf7e2668730d953
  FirebaseCore: c6079de64c1a87000e52e9b408dddcadc901177f
  FirebaseInstanceID: 78ba376fcd5b94c001f9999b2cbd3d1f1e56e78d
  GoogleAppMeasurement: 2b3a023a61239c8d002e6e4fcf4abce8eddce0e0
  GoogleUtilities: 82f04aeff8426309dbdbc75f6c8accd1e584a5da
  ImageRow: 1ea483078bfa3d880a7fc76fdfcddfd5f29a9e6b
  nanopb: 5601e6bca2dbf1ed831b519092ec110f66982ca3
  PromisesObjC: a3a4263d8a9260214267e0b3788d0f83466ad449
  PromisesSwift: f7f45c21986419e85f7c5b645ed8c6a2c10c04b4
  SimulatorStatusMagic: 631fe6e4195a8a8d587ad8744af9015126526cc2
  SVProgressHUD: 1428aafac632c1f86f62aa4243ec12008d7a51d6
  SwiftyJSON: c4bcba26dd9ec7a027fc8eade48e2c911f229e96
  SwiftyStoreKit: 9ebd15971e28aa2989825fe8bc092eb5f75dd0b2

PODFILE CHECKSUM: 76052d492012ea70aa8b05376e83e38f45b81604

COCOAPODS: 1.5.3
