PODS:
  - CHCSVParser (2.1.0)
  - Crashlytics (3.10.1):
    - Fabric (~> 1.7.5)
  - DZNEmptyDataSet (1.8.1)
  - Eureka (4.1.1)
  - Fabric (1.7.6)
  - Firebase/Core (4.13.0):
    - FirebaseAnalytics (= 4.2.0)
    - FirebaseCore (= 4.0.20)
  - FirebaseAnalytics (4.2.0):
    - FirebaseCore (~> 4.0)
    - FirebaseInstanceID (~> 2.0)
    - GoogleToolboxForMac/NSData+zlib (~> 2.1)
    - nanopb (~> 0.3)
  - FirebaseCore (4.0.20):
    - GoogleToolboxForMac/NSData+zlib (~> 2.1)
  - FirebaseInstanceID (2.0.10):
    - FirebaseCore (~> 4.0)
  - GoogleToolboxForMac/Defines (2.1.3)
  - GoogleToolboxForMac/NSData+zlib (2.1.3):
    - GoogleToolboxForMac/Defines (= 2.1.3)
  - ImageRow (3.0.0):
    - Eureka (~> 4.0)
  - nanopb (0.3.8):
    - nanopb/decode (= 0.3.8)
    - nanopb/encode (= 0.3.8)
  - nanopb/decode (0.3.8)
  - nanopb/encode (0.3.8)
  - SimulatorStatusMagic (2.1)
  - SVProgressHUD (2.2.5)
  - SwiftLint (0.25.1)
  - SwiftyJSON (4.1.0)
  - SwiftyStoreKit (0.13.1)

DEPENDENCIES:
  - CHCSVParser (from `https://github.com/davedelong/CHCSVParser.git`)
  - Crashlytics
  - DZNEmptyDataSet (~> 1.8)
  - Eureka (~> 4.1)
  - Fabric
  - Firebase/Core
  - ImageRow (~> 3.0)
  - SimulatorStatusMagic
  - SVProgressHUD (~> 2.2)
  - SwiftLint
  - SwiftyJSON (~> 4.0)
  - SwiftyStoreKit

EXTERNAL SOURCES:
  CHCSVParser:
    :git: https://github.com/davedelong/CHCSVParser.git

CHECKOUT OPTIONS:
  CHCSVParser:
    :commit: a6c23dab9ca633a8ba791463c9e9d3e1ff991a98
    :git: https://github.com/davedelong/CHCSVParser.git

SPEC CHECKSUMS:
  CHCSVParser: 64da26e2b4ddbf7527f7f03120bf91d83d28f354
  Crashlytics: aee1a064cbbf99b32efa3f056a5f458d846bc8ff
  DZNEmptyDataSet: 9525833b9e68ac21c30253e1d3d7076cc828eaa7
  Eureka: b88fb930e42c79f8c03c373d0fcdc28c1d6c50ed
  Fabric: f8d42c893bb187326a7968b62abe55c36a987a46
  Firebase: 5ec5e863d269d82d66b4bf56856726f8fb8f0fb3
  FirebaseAnalytics: 7ef69e76a5142f643aeb47c780e1cdce4e23632e
  FirebaseCore: 90cb1c53d69b556f112a1bf72b5fcfaad7650790
  FirebaseInstanceID: 8d20d890d65c917f9f7d9950b6e10a760ad34321
  GoogleToolboxForMac: 2501e2ad72a52eb3dfe7bd9aee7dad11b858bd20
  ImageRow: 048123c296de9a6ac3998c415a6706c45ce480af
  nanopb: 5601e6bca2dbf1ed831b519092ec110f66982ca3
  SimulatorStatusMagic: 481558caf2b9ccb2ceba2cc193728d4db3dcac07
  SVProgressHUD: 1428aafac632c1f86f62aa4243ec12008d7a51d6
  SwiftLint: ce933681be10c3266e82576dad676fa815a602e9
  SwiftyJSON: c29297daf073d2aa016295d5809cdd68045c39b3
  SwiftyStoreKit: c36bb7841dd51a485ce5c38abf9e96fba988741f

PODFILE CHECKSUM: dd36ffaa70cfbec071d0e97b95086f77a378657d

COCOAPODS: 1.4.0
